
Microsoft Visual Studio Solution File, Format Version 12.00
# Visual Studio Version 16
VisualStudioVersion = 16.0.30907.101
MinimumVisualStudioVersion = 10.0.40219.1
Project("{9A19103F-16F7-4668-BE54-9A1E7A4F7556}") = "API", "API.csproj", "{84545397-1FC6-45AF-928F-B7F1E4C76623}"
EndProject
Project("{FAE04EC0-301F-11D3-BF4B-00C04F79EFBC}") = "API.Core", "..\API.Core\API.Core.csproj", "{8BD1BAF7-6333-4311-9B22-559E4CB622A2}"
EndProject
Project("{FAE04EC0-301F-11D3-BF4B-00C04F79EFBC}") = "API.Infrastructure", "..\API.Infrastructure\API.Infrastructure.csproj", "{6420D529-1DB2-4509-91E2-D00BBE9CDE89}"
EndProject
Global
	GlobalSection(SolutionConfigurationPlatforms) = preSolution
		Debug|Any CPU = Debug|Any CPU
		Release|Any CPU = Release|Any CPU
	EndGlobalSection
	GlobalSection(ProjectConfigurationPlatforms) = postSolution
		{84545397-1FC6-45AF-928F-B7F1E4C76623}.Debug|Any CPU.ActiveCfg = Debug|Any CPU
		{84545397-1FC6-45AF-928F-B7F1E4C76623}.Debug|Any CPU.Build.0 = Debug|Any CPU
		{84545397-1FC6-45AF-928F-B7F1E4C76623}.Release|Any CPU.ActiveCfg = Release|Any CPU
		{84545397-1FC6-45AF-928F-B7F1E4C76623}.Release|Any CPU.Build.0 = Release|Any CPU
		{8BD1BAF7-6333-4311-9B22-559E4CB622A2}.Debug|Any CPU.ActiveCfg = Debug|Any CPU
		{8BD1BAF7-6333-4311-9B22-559E4CB622A2}.Debug|Any CPU.Build.0 = Debug|Any CPU
		{8BD1BAF7-6333-4311-9B22-559E4CB622A2}.Release|Any CPU.ActiveCfg = Release|Any CPU
		{8BD1BAF7-6333-4311-9B22-559E4CB622A2}.Release|Any CPU.Build.0 = Release|Any CPU
		{6420D529-1DB2-4509-91E2-D00BBE9CDE89}.Debug|Any CPU.ActiveCfg = Debug|Any CPU
		{6420D529-1DB2-4509-91E2-D00BBE9CDE89}.Debug|Any CPU.Build.0 = Debug|Any CPU
		{6420D529-1DB2-4509-91E2-D00BBE9CDE89}.Release|Any CPU.ActiveCfg = Release|Any CPU
		{6420D529-1DB2-4509-91E2-D00BBE9CDE89}.Release|Any CPU.Build.0 = Release|Any CPU
	EndGlobalSection
	GlobalSection(SolutionProperties) = preSolution
		HideSolutionNode = FALSE
	EndGlobalSection
	GlobalSection(ExtensibilityGlobals) = postSolution
		SolutionGuid = {BC56A1A1-400C-4397-AF46-7256E91A5808}
	EndGlobalSection
EndGlobal
